{
  "requires": true,
  "lockfileVersion": 1,
  "dependencies": {
    "typescript": {
      "version": "4.4.0-dev.20210626",
      "resolved": "https://registry.npmjs.org/typescript/-/typescript-4.4.0-dev.20210626.tgz",
      "integrity": "sha512-MFcWObbYbLlJi6WxfF7hv4YtR3hv8s7Mh68kBsV1v3jW5SVLcs2KNEPRPxLPHJlKXm8CRKjhb0iukS5qfOI9HQ=="
    }
  }
}
